// !$*UTF8*$!
{
	archiveVersion = 1;
	classes = {
	};
	objectVersion = 77;
	objects = {

/* Begin PBXBuildFile section */
		D0709D782D4408200080D54B /* Kingfisher in Frameworks */ = {isa = PBXBuildFile; productRef = D0709D772D4408200080D54B /* Kingfisher */; };
		D082865F2D3E483A00EF896E /* FirebaseAuth in Frameworks */ = {isa = PBXBuildFile; productRef = D082865E2D3E483A00EF896E /* FirebaseAuth */; };
		D08286612D3E483E00EF896E /* FirebaseCore in Frameworks */ = {isa = PBXBuildFile; productRef = D08286602D3E483E00EF896E /* FirebaseCore */; };
		D08286632D3E484500EF896E /* FirebaseDatabase in Frameworks */ = {isa = PBXBuildFile; productRef = D08286622D3E484500EF896E /* FirebaseDatabase */; };
		D08286652D3E484800EF896E /* FirebaseFirestore in Frameworks */ = {isa = PBXBuildFile; productRef = D08286642D3E484800EF896E /* FirebaseFirestore */; };
		D08286672D3E484F00EF896E /* FirebaseStorage in Frameworks */ = {isa = PBXBuildFile; productRef = D08286662D3E484F00EF896E /* FirebaseStorage */; };
		D082866A2D3E488D00EF896E /* SnapKit in Frameworks */ = {isa = PBXBuildFile; productRef = D08286692D3E488D00EF896E /* SnapKit */; };
/* End PBXBuildFile section */

/* Begin PBXFileReference section */
		D000ECD22D1ACFE70081193C /* Aura Cinema.app */ = {isa = PBXFileReference; explicitFileType = wrapper.application; includeInIndex = 0; path = "Aura Cinema.app"; sourceTree = BUILT_PRODUCTS_DIR; };
/* End PBXFileReference section */

/* Begin PBXFileSystemSynchronizedBuildFileExceptionSet section */
		D082865D2D3E467D00EF896E /* Exceptions for "Aura Cinema" folder in "Aura Cinema" target */ = {
			isa = PBXFileSystemSynchronizedBuildFileExceptionSet;
			membershipExceptions = (
				App/info.plist,
			);
			target = D000ECD12D1ACFE70081193C /* Aura Cinema */;
		};
/* End PBXFileSystemSynchronizedBuildFileExceptionSet section */

/* Begin PBXFileSystemSynchronizedRootGroup section */
		D000ECD42D1ACFE70081193C /* Aura Cinema */ = {
			isa = PBXFileSystemSynchronizedRootGroup;
			exceptions = (
				D082865D2D3E467D00EF896E /* Exceptions for "Aura Cinema" folder in "Aura Cinema" target */,
			);
			path = "Aura Cinema";
			sourceTree = "<group>";
		};
/* End PBXFileSystemSynchronizedRootGroup section */

/* Begin PBXFrameworksBuildPhase section */
		D000ECCF2D1ACFE70081193C /* Frameworks */ = {
			isa = PBXFrameworksBuildPhase;
			buildActionMask = 2147483647;
			files = (
				D08286632D3E484500EF896E /* FirebaseDatabase in Frameworks */,
				D08286652D3E484800EF896E /* FirebaseFirestore in Frameworks */,
				D0709D782D4408200080D54B /* Kingfisher in Frameworks */,
				D08286612D3E483E00EF896E /* FirebaseCore in Frameworks */,
				D082866A2D3E488D00EF896E /* SnapKit in Frameworks */,
				D08286672D3E484F00EF896E /* FirebaseStorage in Frameworks */,
				D082865F2D3E483A00EF896E /* FirebaseAuth in Frameworks */,
			);
			runOnlyForDeploymentPostprocessing = 0;
		};
/* End PBXFrameworksBuildPhase section */

/* Begin PBXGroup section */
		D000ECC92D1ACFE70081193C = {
			isa = PBXGroup;
			children = (
				D000ECD42D1ACFE70081193C /* Aura Cinema */,
				D08283262D37E2DE00EF896E /* Frameworks */,
				D000ECD32D1ACFE70081193C /* Products */,
			);
			sourceTree = "<group>";
		};
		D000ECD32D1ACFE70081193C /* Products */ = {
			isa = PBXGroup;
			children = (
				D000ECD22D1ACFE70081193C /* Aura Cinema.app */,
			);
			name = Products;
			sourceTree = "<group>";
		};
		D08283262D37E2DE00EF896E /* Frameworks */ = {
			isa = PBXGroup;
			children = (
			);
			name = Frameworks;
			sourceTree = "<group>";
		};
/* End PBXGroup section */

/* Begin PBXNativeTarget section */
		D000ECD12D1ACFE70081193C /* Aura Cinema */ = {
			isa = PBXNativeTarget;
			buildConfigurationList = D000ECE52D1ACFE90081193C /* Build configuration list for PBXNativeTarget "Aura Cinema" */;
			buildPhases = (
				D000ECCE2D1ACFE70081193C /* Sources */,
				D000ECCF2D1ACFE70081193C /* Frameworks */,
				D000ECD02D1ACFE70081193C /* Resources */,
			);
			buildRules = (
			);
			dependencies = (
			);
			fileSystemSynchronizedGroups = (
				D000ECD42D1ACFE70081193C /* Aura Cinema */,
			);
			name = "Aura Cinema";
			packageProductDependencies = (
				D082865E2D3E483A00EF896E /* FirebaseAuth */,
				D08286602D3E483E00EF896E /* FirebaseCore */,
				D08286622D3E484500EF896E /* FirebaseDatabase */,
				D08286642D3E484800EF896E /* FirebaseFirestore */,
				D08286662D3E484F00EF896E /* FirebaseStorage */,
				D08286692D3E488D00EF896E /* SnapKit */,
				D0709D772D4408200080D54B /* Kingfisher */,
			);
			productName = "Aura Cinema";
			productReference = D000ECD22D1ACFE70081193C /* Aura Cinema.app */;
			productType = "com.apple.product-type.application";
		};
/* End PBXNativeTarget section */

/* Begin PBXProject section */
		D000ECCA2D1ACFE70081193C /* Project object */ = {
			isa = PBXProject;
			attributes = {
				BuildIndependentTargetsInParallel = 1;
				LastSwiftUpdateCheck = 1620;
				LastUpgradeCheck = 1620;
				TargetAttributes = {
					D000ECD12D1ACFE70081193C = {
						CreatedOnToolsVersion = 16.2;
					};
				};
			};
			buildConfigurationList = D000ECCD2D1ACFE70081193C /* Build configuration list for PBXProject "Aura Cinema" */;
			developmentRegion = en;
			hasScannedForEncodings = 0;
			knownRegions = (
				en,
				Base,
				ru,
			);
			mainGroup = D000ECC92D1ACFE70081193C;
			minimizedProjectReferenceProxies = 1;
			packageReferences = (
				D08283252D37E2C100EF896E /* XCRemoteSwiftPackageReference "firebase-ios-sdk" */,
				D08286682D3E488D00EF896E /* XCRemoteSwiftPackageReference "SnapKit" */,
				D0709D762D4408200080D54B /* XCRemoteSwiftPackageReference "Kingfisher" */,
			);
			preferredProjectObjectVersion = 77;
			productRefGroup = D000ECD32D1ACFE70081193C /* Products */;
			projectDirPath = "";
			projectRoot = "";
			targets = (
				D000ECD12D1ACFE70081193C /* Aura Cinema */,
			);
		};
/* End PBXProject section */

/* Begin PBXResourcesBuildPhase section */
		D000ECD02D1ACFE70081193C /* Resources */ = {
			isa = PBXResourcesBuildPhase;
			buildActionMask = 2147483647;
			files = (
			);
			runOnlyForDeploymentPostprocessing = 0;
		};
/* End PBXResourcesBuildPhase section */

/* Begin PBXSourcesBuildPhase section */
		D000ECCE2D1ACFE70081193C /* Sources */ = {
			isa = PBXSourcesBuildPhase;
			buildActionMask = 2147483647;
			files = (
			);
			runOnlyForDeploymentPostprocessing = 0;
		};
/* End PBXSourcesBuildPhase section */

/* Begin XCBuildConfiguration section */
		D000ECE62D1ACFE90081193C /* Debug */ = {
			isa = XCBuildConfiguration;
			buildSettings = {
				ASSETCATALOG_COMPILER_APPICON_NAME = AppIcon;
				ASSETCATALOG_COMPILER_GLOBAL_ACCENT_COLOR_NAME = AccentColor;
				CODE_SIGN_STYLE = Automatic;
				CURRENT_PROJECT_VERSION = 1;
				DEVELOPMENT_TEAM = MT9MMFUY79;
				GENERATE_INFOPLIST_FILE = YES;
				INFOPLIST_FILE = "/Users/macbookair/Documents/Aura Cinema/Aura Cinema/App/info.plist";
				INFOPLIST_KEY_UIApplicationSupportsIndirectInputEvents = YES;
				INFOPLIST_KEY_UISupportedInterfaceOrientations_iPad = "UIInterfaceOrientationPortrait UIInterfaceOrientationPortraitUpsideDown UIInterfaceOrientationLandscapeLeft UIInterfaceOrientationLandscapeRight";
				INFOPLIST_KEY_UISupportedInterfaceOrientations_iPhone = "UIInterfaceOrientationPortrait UIInterfaceOrientationLandscapeLeft UIInterfaceOrientationLandscapeRight";
				LD_RUNPATH_SEARCH_PATHS = (
					"$(inherited)",
					"@executable_path/Frameworks",
				);
				MARKETING_VERSION = 1.0;
				PRODUCT_BUNDLE_IDENTIFIER = nancos.AuraCinema;
				PRODUCT_NAME = "$(TARGET_NAME)";
				SWIFT_EMIT_LOC_STRINGS = YES;
				SWIFT_VERSION = 5.0;
				TARGETED_DEVICE_FAMILY = "1,2";
			};
			name = Debug;
		};
		D000ECE72D1ACFE90081193C /* Release */ = {
			isa = XCBuildConfiguration;
			buildSettings = {
				ASSETCATALOG_COMPILER_APPICON_NAME = AppIcon;
				ASSETCATALOG_COMPILER_GLOBAL_ACCENT_COLOR_NAME = AccentColor;
				CODE_SIGN_STYLE = Automatic;
				CURRENT_PROJECT_VERSION = 1;
				DEVELOPMENT_TEAM = MT9MMFUY79;
				GENERATE_INFOPLIST_FILE = YES;
				INFOPLIST_FILE = "/Users/macbookair/Documents/Aura Cinema/Aura Cinema/App/info.plist";
				INFOPLIST_KEY_UIApplicationSupportsIndirectInputEvents = YES;
				INFOPLIST_KEY_UISupportedInterfaceOrientations_iPad = "UIInterfaceOrientationPortrait UIInterfaceOrientationPortraitUpsideDown UIInterfaceOrientationLandscapeLeft UIInterfaceOrientationLandscapeRight";
				INFOPLIST_KEY_UISupportedInterfaceOrientations_iPhone = "UIInterfaceOrientationPortrait UIInterfaceOrientationLandscapeLeft UIInterfaceOrientationLandscapeRight";
				LD_RUNPATH_SEARCH_PATHS = (
					"$(inherited)",
					"@executable_path/Frameworks",
				);
				MARKETING_VERSION = 1.0;
				PRODUCT_BUNDLE_IDENTIFIER = nancos.AuraCinema;
				PRODUCT_NAME = "$(TARGET_NAME)";
				SWIFT_EMIT_LOC_STRINGS = YES;
				SWIFT_VERSION = 5.0;
				TARGETED_DEVICE_FAMILY = "1,2";
			};
			name = Release;
		};
		D000ECE82D1ACFE90081193C /* Debug */ = {
			isa = XCBuildConfiguration;
			buildSettings = {
				ALWAYS_SEARCH_USER_PATHS = NO;
				ASSETCATALOG_COMPILER_GENERATE_SWIFT_ASSET_SYMBOL_EXTENSIONS = YES;
				CLANG_ANALYZER_NONNULL = YES;
				CLANG_ANALYZER_NUMBER_OBJECT_CONVERSION = YES_AGGRESSIVE;
				CLANG_CXX_LANGUAGE_STANDARD = "gnu++20";
				CLANG_ENABLE_MODULES = YES;
				CLANG_ENABLE_OBJC_ARC = YES;
				CLANG_ENABLE_OBJC_WEAK = YES;
				CLANG_WARN_BLOCK_CAPTURE_AUTORELEASING = YES;
				CLANG_WARN_BOOL_CONVERSION = YES;
				CLANG_WARN_COMMA = YES;
				CLANG_WARN_CONSTANT_CONVERSION = YES;
				CLANG_WARN_DEPRECATED_OBJC_IMPLEMENTATIONS = YES;
				CLANG_WARN_DIRECT_OBJC_ISA_USAGE = YES_ERROR;
				CLANG_WARN_DOCUMENTATION_COMMENTS = YES;
				CLANG_WARN_EMPTY_BODY = YES;
				CLANG_WARN_ENUM_CONVERSION = YES;
				CLANG_WARN_INFINITE_RECURSION = YES;
				CLANG_WARN_INT_CONVERSION = YES;
				CLANG_WARN_NON_LITERAL_NULL_CONVERSION = YES;
				CLANG_WARN_OBJC_IMPLICIT_RETAIN_SELF = YES;
				CLANG_WARN_OBJC_LITERAL_CONVERSION = YES;
				CLANG_WARN_OBJC_ROOT_CLASS = YES_ERROR;
				CLANG_WARN_QUOTED_INCLUDE_IN_FRAMEWORK_HEADER = YES;
				CLANG_WARN_RANGE_LOOP_ANALYSIS = YES;
				CLANG_WARN_STRICT_PROTOTYPES = YES;
				CLANG_WARN_SUSPICIOUS_MOVE = YES;
				CLANG_WARN_UNGUARDED_AVAILABILITY = YES_AGGRESSIVE;
				CLANG_WARN_UNREACHABLE_CODE = YES;
				CLANG_WARN__DUPLICATE_METHOD_MATCH = YES;
				COPY_PHASE_STRIP = NO;
				DEBUG_INFORMATION_FORMAT = dwarf;
				ENABLE_STRICT_OBJC_MSGSEND = YES;
				ENABLE_TESTABILITY = YES;
				ENABLE_USER_SCRIPT_SANDBOXING = YES;
				GCC_C_LANGUAGE_STANDARD = gnu17;
				GCC_DYNAMIC_NO_PIC = NO;
				GCC_NO_COMMON_BLOCKS = YES;
				GCC_OPTIMIZATION_LEVEL = 0;
				GCC_PREPROCESSOR_DEFINITIONS = (
					"DEBUG=1",
					"$(inherited)",
				);
				GCC_WARN_64_TO_32_BIT_CONVERSION = YES;
				GCC_WARN_ABOUT_RETURN_TYPE = YES_ERROR;
				GCC_WARN_UNDECLARED_SELECTOR = YES;
				GCC_WARN_UNINITIALIZED_AUTOS = YES_AGGRESSIVE;
				GCC_WARN_UNUSED_FUNCTION = YES;
				GCC_WARN_UNUSED_VARIABLE = YES;
				GENERATE_INFOPLIST_FILE = NO;
				INFOPLIST_FILE = "";
				IPHONEOS_DEPLOYMENT_TARGET = 18.2;
				LOCALIZATION_PREFERS_STRING_CATALOGS = YES;
				MTL_ENABLE_DEBUG_INFO = INCLUDE_SOURCE;
				MTL_FAST_MATH = YES;
				ONLY_ACTIVE_ARCH = YES;
				SDKROOT = iphoneos;
				SWIFT_ACTIVE_COMPILATION_CONDITIONS = "DEBUG $(inherited)";
				SWIFT_EMIT_LOC_STRINGS = YES;
				SWIFT_OPTIMIZATION_LEVEL = "-Onone";
			};
			name = Debug;
		};
		D000ECE92D1ACFE90081193C /* Release */ = {
			isa = XCBuildConfiguration;
			buildSettings = {
				ALWAYS_SEARCH_USER_PATHS = NO;
				ASSETCATALOG_COMPILER_GENERATE_SWIFT_ASSET_SYMBOL_EXTENSIONS = YES;
				CLANG_ANALYZER_NONNULL = YES;
				CLANG_ANALYZER_NUMBER_OBJECT_CONVERSION = YES_AGGRESSIVE;
				CLANG_CXX_LANGUAGE_STANDARD = "gnu++20";
				CLANG_ENABLE_MODULES = YES;
				CLANG_ENABLE_OBJC_ARC = YES;
				CLANG_ENABLE_OBJC_WEAK = YES;
				CLANG_WARN_BLOCK_CAPTURE_AUTORELEASING = YES;
				CLANG_WARN_BOOL_CONVERSION = YES;
				CLANG_WARN_COMMA = YES;
				CLANG_WARN_CONSTANT_CONVERSION = YES;
				CLANG_WARN_DEPRECATED_OBJC_IMPLEMENTATIONS = YES;
				CLANG_WARN_DIRECT_OBJC_ISA_USAGE = YES_ERROR;
				CLANG_WARN_DOCUMENTATION_COMMENTS = YES;
				CLANG_WARN_EMPTY_BODY = YES;
				CLANG_WARN_ENUM_CONVERSION = YES;
				CLANG_WARN_INFINITE_RECURSION = YES;
				CLANG_WARN_INT_CONVERSION = YES;
				CLANG_WARN_NON_LITERAL_NULL_CONVERSION = YES;
				CLANG_WARN_OBJC_IMPLICIT_RETAIN_SELF = YES;
				CLANG_WARN_OBJC_LITERAL_CONVERSION = YES;
				CLANG_WARN_OBJC_ROOT_CLASS = YES_ERROR;
				CLANG_WARN_QUOTED_INCLUDE_IN_FRAMEWORK_HEADER = YES;
				CLANG_WARN_RANGE_LOOP_ANALYSIS = YES;
				CLANG_WARN_STRICT_PROTOTYPES = YES;
				CLANG_WARN_SUSPICIOUS_MOVE = YES;
				CLANG_WARN_UNGUARDED_AVAILABILITY = YES_AGGRESSIVE;
				CLANG_WARN_UNREACHABLE_CODE = YES;
				CLANG_WARN__DUPLICATE_METHOD_MATCH = YES;
				COPY_PHASE_STRIP = NO;
				DEBUG_INFORMATION_FORMAT = "dwarf-with-dsym";
				ENABLE_NS_ASSERTIONS = NO;
				ENABLE_STRICT_OBJC_MSGSEND = YES;
				ENABLE_USER_SCRIPT_SANDBOXING = YES;
				GCC_C_LANGUAGE_STANDARD = gnu17;
				GCC_NO_COMMON_BLOCKS = YES;
				GCC_WARN_64_TO_32_BIT_CONVERSION = YES;
				GCC_WARN_ABOUT_RETURN_TYPE = YES_ERROR;
				GCC_WARN_UNDECLARED_SELECTOR = YES;
				GCC_WARN_UNINITIALIZED_AUTOS = YES_AGGRESSIVE;
				GCC_WARN_UNUSED_FUNCTION = YES;
				GCC_WARN_UNUSED_VARIABLE = YES;
				GENERATE_INFOPLIST_FILE = NO;
				INFOPLIST_FILE = "";
				IPHONEOS_DEPLOYMENT_TARGET = 18.2;
				LOCALIZATION_PREFERS_STRING_CATALOGS = YES;
				MTL_ENABLE_DEBUG_INFO = NO;
				MTL_FAST_MATH = YES;
				SDKROOT = iphoneos;
				SWIFT_COMPILATION_MODE = wholemodule;
				SWIFT_EMIT_LOC_STRINGS = YES;
				VALIDATE_PRODUCT = YES;
			};
			name = Release;
		};
/* End XCBuildConfiguration section */

/* Begin XCConfigurationList section */
		D000ECCD2D1ACFE70081193C /* Build configuration list for PBXProject "Aura Cinema" */ = {
			isa = XCConfigurationList;
			buildConfigurations = (
				D000ECE82D1ACFE90081193C /* Debug */,
				D000ECE92D1ACFE90081193C /* Release */,
			);
			defaultConfigurationIsVisible = 0;
			defaultConfigurationName = Release;
		};
		D000ECE52D1ACFE90081193C /* Build configuration list for PBXNativeTarget "Aura Cinema" */ = {
			isa = XCConfigurationList;
			buildConfigurations = (
				D000ECE62D1ACFE90081193C /* Debug */,
				D000ECE72D1ACFE90081193C /* Release */,
			);
			defaultConfigurationIsVisible = 0;
			defaultConfigurationName = Release;
		};
/* End XCConfigurationList section */

/* Begin XCRemoteSwiftPackageReference section */
		D0709D762D4408200080D54B /* XCRemoteSwiftPackageReference "Kingfisher" */ = {
			isa = XCRemoteSwiftPackageReference;
			repositoryURL = "https://github.com/onevcat/Kingfisher";
			requirement = {
				kind = upToNextMajorVersion;
				minimumVersion = 8.1.3;
			};
		};
		D08283252D37E2C100EF896E /* XCRemoteSwiftPackageReference "firebase-ios-sdk" */ = {
			isa = XCRemoteSwiftPackageReference;
			repositoryURL = "https://github.com/firebase/firebase-ios-sdk";
			requirement = {
				kind = upToNextMajorVersion;
				minimumVersion = 11.7.0;
			};
		};
		D08286682D3E488D00EF896E /* XCRemoteSwiftPackageReference "SnapKit" */ = {
			isa = XCRemoteSwiftPackageReference;
			repositoryURL = "https://github.com/SnapKit/SnapKit.git";
			requirement = {
				kind = upToNextMajorVersion;
				minimumVersion = 5.7.1;
			};
		};
/* End XCRemoteSwiftPackageReference section */

/* Begin XCSwiftPackageProductDependency section */
		D0709D772D4408200080D54B /* Kingfisher */ = {
			isa = XCSwiftPackageProductDependency;
			package = D0709D762D4408200080D54B /* XCRemoteSwiftPackageReference "Kingfisher" */;
			productName = Kingfisher;
		};
		D082865E2D3E483A00EF896E /* FirebaseAuth */ = {
			isa = XCSwiftPackageProductDependency;
			package = D08283252D37E2C100EF896E /* XCRemoteSwiftPackageReference "firebase-ios-sdk" */;
			productName = FirebaseAuth;
		};
		D08286602D3E483E00EF896E /* FirebaseCore */ = {
			isa = XCSwiftPackageProductDependency;
			package = D08283252D37E2C100EF896E /* XCRemoteSwiftPackageReference "firebase-ios-sdk" */;
			productName = FirebaseCore;
		};
		D08286622D3E484500EF896E /* FirebaseDatabase */ = {
			isa = XCSwiftPackageProductDependency;
			package = D08283252D37E2C100EF896E /* XCRemoteSwiftPackageReference "firebase-ios-sdk" */;
			productName = FirebaseDatabase;
		};
		D08286642D3E484800EF896E /* FirebaseFirestore */ = {
			isa = XCSwiftPackageProductDependency;
			package = D08283252D37E2C100EF896E /* XCRemoteSwiftPackageReference "firebase-ios-sdk" */;
			productName = FirebaseFirestore;
		};
		D08286662D3E484F00EF896E /* FirebaseStorage */ = {
			isa = XCSwiftPackageProductDependency;
			package = D08283252D37E2C100EF896E /* XCRemoteSwiftPackageReference "firebase-ios-sdk" */;
			productName = FirebaseStorage;
		};
		D08286692D3E488D00EF896E /* SnapKit */ = {
			isa = XCSwiftPackageProductDependency;
			package = D08286682D3E488D00EF896E /* XCRemoteSwiftPackageReference "SnapKit" */;
			productName = SnapKit;
		};
/* End XCSwiftPackageProductDependency section */
	};
	rootObject = D000ECCA2D1ACFE70081193C /* Project object */;
}
